# THIS IS AN AUTOGENERATED FILE. DO NOT EDIT THIS FILE DIRECTLY.
# yarn lockfile v1


ics-to-json@^1.0.0:
  version "1.0.0"
  resolved "https://registry.yarnpkg.com/ics-to-json/-/ics-to-json-1.0.0.tgz#aceba0d995ecbd769069d8c033eb281f926beb98"
  integrity sha512-J2bvEGr2BKsdV7WTmOKXr1ksFeujR+dFwM5yxWu3cODq3HduwcIZQjSsYinmSpa3FxlvzVqtfuBbw7Q/g0FWGw==
